
Microsoft Visual Studio Solution File, Format Version 12.00
# Visual Studio 2015
Project("{FAE04EC0-301F-11D3-BF4B-00C04F79EFBC}") = "AR.Construct.CSharp", "AR.Construct.CSharp.csproj", "{8B832061-04CE-382D-9AA4-B1CE7169DF55}"
EndProject
Project("{FAE04EC0-301F-11D3-BF4B-00C04F79EFBC}") = "AR.Construct.CSharp.Editor", "AR.Construct.CSharp.Editor.csproj", "{2F4206D7-3D63-585F-2FEF-4A498A43A2A4}"
EndProject
Global
	GlobalSection(SolutionConfigurationPlatforms) = preSolution
		Debug|Any CPU = Debug|Any CPU
		Release|Any CPU = Release|Any CPU
	EndGlobalSection
	GlobalSection(ProjectConfigurationPlatforms) = postSolution
		{8B832061-04CE-382D-9AA4-B1CE7169DF55}.Debug|Any CPU.ActiveCfg = Debug|Any CPU
		{8B832061-04CE-382D-9AA4-B1CE7169DF55}.Debug|Any CPU.Build.0 = Debug|Any CPU
		{8B832061-04CE-382D-9AA4-B1CE7169DF55}.Release|Any CPU.ActiveCfg = Release|Any CPU
		{8B832061-04CE-382D-9AA4-B1CE7169DF55}.Release|Any CPU.Build.0 = Release|Any CPU
		{2F4206D7-3D63-585F-2FEF-4A498A43A2A4}.Debug|Any CPU.ActiveCfg = Debug|Any CPU
		{2F4206D7-3D63-585F-2FEF-4A498A43A2A4}.Debug|Any CPU.Build.0 = Debug|Any CPU
		{2F4206D7-3D63-585F-2FEF-4A498A43A2A4}.Release|Any CPU.ActiveCfg = Release|Any CPU
		{2F4206D7-3D63-585F-2FEF-4A498A43A2A4}.Release|Any CPU.Build.0 = Release|Any CPU
	EndGlobalSection
	GlobalSection(SolutionProperties) = preSolution
		HideSolutionNode = FALSE
	EndGlobalSection
EndGlobal
